
Microsoft Visual Studio Solution File, Format Version 12.00
# Visual Studio Version 17
VisualStudioVersion = 17.10.34916.146
MinimumVisualStudioVersion = 10.0.40219.1
Project("{FAE04EC0-301F-11D3-BF4B-00C04F79EFBC}") = "LearningMAUI", "LearningMAUI.csproj", "{BD8B0EC7-1767-4CDF-9918-2BC718D9031E}"
EndProject
Global
	GlobalSection(SolutionConfigurationPlatforms) = preSolution
		Debug|Any CPU = Debug|Any CPU
		Release|Any CPU = Release|Any CPU
	EndGlobalSection
	GlobalSection(ProjectConfigurationPlatforms) = postSolution
		{BD8B0EC7-1767-4CDF-9918-2BC718D9031E}.Debug|Any CPU.ActiveCfg = Debug|Any CPU
		{BD8B0EC7-1767-4CDF-9918-2BC718D9031E}.Debug|Any CPU.Build.0 = Debug|Any CPU
		{BD8B0EC7-1767-4CDF-9918-2BC718D9031E}.Debug|Any CPU.Deploy.0 = Debug|Any CPU
		{BD8B0EC7-1767-4CDF-9918-2BC718D9031E}.Release|Any CPU.ActiveCfg = Release|Any CPU
		{BD8B0EC7-1767-4CDF-9918-2BC718D9031E}.Release|Any CPU.Build.0 = Release|Any CPU
		{BD8B0EC7-1767-4CDF-9918-2BC718D9031E}.Release|Any CPU.Deploy.0 = Release|Any CPU
	EndGlobalSection
	GlobalSection(SolutionProperties) = preSolution
		HideSolutionNode = FALSE
	EndGlobalSection
	GlobalSection(ExtensibilityGlobals) = postSolution
		SolutionGuid = {AF22F878-B871-449F-94E1-05A7C699083A}
	EndGlobalSection
EndGlobal
